
Microsoft Visual Studio Solution File, Format Version 12.00
# Visual Studio Version 16
VisualStudioVersion = 16.0.30711.63
MinimumVisualStudioVersion = 10.0.40219.1
Project("{FAE04EC0-301F-11D3-BF4B-00C04F79EFBC}") = "WpfApp10", "WpfApp10\WpfApp10.csproj", "{7AF83C79-5CEC-460A-84A8-5C4B8F5737DC}"
EndProject
Global
	GlobalSection(SolutionConfigurationPlatforms) = preSolution
		Debug|Any CPU = Debug|Any CPU
		Release|Any CPU = Release|Any CPU
	EndGlobalSection
	GlobalSection(ProjectConfigurationPlatforms) = postSolution
		{7AF83C79-5CEC-460A-84A8-5C4B8F5737DC}.Debug|Any CPU.ActiveCfg = Debug|Any CPU
		{7AF83C79-5CEC-460A-84A8-5C4B8F5737DC}.Debug|Any CPU.Build.0 = Debug|Any CPU
		{7AF83C79-5CEC-460A-84A8-5C4B8F5737DC}.Release|Any CPU.ActiveCfg = Release|Any CPU
		{7AF83C79-5CEC-460A-84A8-5C4B8F5737DC}.Release|Any CPU.Build.0 = Release|Any CPU
	EndGlobalSection
	GlobalSection(SolutionProperties) = preSolution
		HideSolutionNode = FALSE
	EndGlobalSection
	GlobalSection(ExtensibilityGlobals) = postSolution
		SolutionGuid = {2FABFACB-C57F-4800-8D54-3BE0A37023C8}
	EndGlobalSection
EndGlobal
